<?xml version="1.0" encoding="utf-8"?>
<Project ToolsVersion="4.0" xmlns="http://schemas.microsoft.com/developer/msbuild/2003">
  <ItemGroup>
    <Filter Include="소스 파일">
      <UniqueIdentifier>{4FC737F1-C7A5-4376-A066-2A32D752A2FF}</UniqueIdentifier>
      <Extensions>cpp;c;cc;cxx;c++;cppm;ixx;def;odl;idl;hpj;bat;asm;asmx</Extensions>
    </Filter>
    <Filter Include="헤더 파일">
      <UniqueIdentifier>{93995380-89BD-4b04-88EB-625FBE52EBFB}</UniqueIdentifier>
      <Extensions>h;hh;hpp;hxx;h++;hm;inl;inc;ipp;xsd</Extensions>
    </Filter>
    <Filter Include="리소스 파일">
      <UniqueIdentifier>{67DA6AB6-F800-4c08-8B7A-83BB121AAD01}</UniqueIdentifier>
      <Extensions>rc;ico;cur;bmp;dlg;rc2;rct;bin;rgs;gif;jpg;jpeg;jpe;resx;tiff;tif;png;wav;mfcribbon-ms</Extensions>
    </Filter>
  </ItemGroup>
  <ItemGroup>
    <ClInclude Include="Framework.h">
      <Filter>헤더 파일</Filter>
    </ClInclude>
    <ClInclude Include="targetver.h">
      <Filter>헤더 파일</Filter>
    </ClInclude>
    <ClInclude Include="Resource.h">
      <Filter>헤더 파일</Filter>
    </ClInclude>
    <ClInclude Include="Main.h">
      <Filter>헤더 파일</Filter>
    </ClInclude>
    <ClInclude Include="System\Device.h">
      <Filter>헤더 파일</Filter>
    </ClInclude>
    <ClInclude Include="System\Manager.h">
      <Filter>헤더 파일</Filter>
    </ClInclude>
    <ClInclude Include="Scene\IScene.h">
      <Filter>헤더 파일</Filter>
    </ClInclude>
    <ClInclude Include="MainGame.h">
      <Filter>헤더 파일</Filter>
    </ClInclude>
    <ClInclude Include="System\Keyboard.h">
      <Filter>헤더 파일</Filter>
    </ClInclude>
    <ClInclude Include="System\Transform.h">
      <Filter>헤더 파일</Filter>
    </ClInclude>
    <ClInclude Include="GameObject\Planet.h">
      <Filter>헤더 파일</Filter>
    </ClInclude>
    <ClInclude Include="System\Texture.h">
      <Filter>헤더 파일</Filter>
    </ClInclude>
    <ClInclude Include="System\TextureManager.h">
      <Filter>헤더 파일</Filter>
    </ClInclude>
    <ClInclude Include="System\Collider.h">
      <Filter>헤더 파일</Filter>
    </ClInclude>
    <ClInclude Include="System\Math.h">
      <Filter>헤더 파일</Filter>
    </ClInclude>
    <ClInclude Include="System\Time.h">
      <Filter>헤더 파일</Filter>
    </ClInclude>
    <ClInclude Include="GameObject\Mario.h">
      <Filter>헤더 파일</Filter>
    </ClInclude>
    <ClInclude Include="System\XML.h">
      <Filter>헤더 파일</Filter>
    </ClInclude>
    <ClInclude Include="GameObject\Knight.h">
      <Filter>헤더 파일</Filter>
    </ClInclude>
    <ClInclude Include="Lib\AntTweakBar.h">
      <Filter>헤더 파일</Filter>
    </ClInclude>
    <ClInclude Include="System\TweakBar.h">
      <Filter>헤더 파일</Filter>
    </ClInclude>
    <ClInclude Include="System\Shader.h">
      <Filter>헤더 파일</Filter>
    </ClInclude>
    <ClInclude Include="System\Effect.h">
      <Filter>헤더 파일</Filter>
    </ClInclude>
    <ClInclude Include="System\EffectManager.h">
      <Filter>헤더 파일</Filter>
    </ClInclude>
    <ClInclude Include="Scene\AnimationScene.h">
      <Filter>헤더 파일</Filter>
    </ClInclude>
    <ClInclude Include="Scene\CollisionScene.h">
      <Filter>헤더 파일</Filter>
    </ClInclude>
    <ClInclude Include="Scene\MultiShaderScene.h">
      <Filter>헤더 파일</Filter>
    </ClInclude>
    <ClInclude Include="Scene\Scene.h">
      <Filter>헤더 파일</Filter>
    </ClInclude>
    <ClInclude Include="Scene\ShaderScene.h">
      <Filter>헤더 파일</Filter>
    </ClInclude>
    <ClInclude Include="Scene\SolarSystemScene.h">
      <Filter>헤더 파일</Filter>
    </ClInclude>
    <ClInclude Include="Scene\TextureScene.h">
      <Filter>헤더 파일</Filter>
    </ClInclude>
    <ClInclude Include="Scene\VertexScene.h">
      <Filter>헤더 파일</Filter>
    </ClInclude>
    <ClInclude Include="Scene\WVPScene.h">
      <Filter>헤더 파일</Filter>
    </ClInclude>
    <ClInclude Include="System\Animation.h">
      <Filter>헤더 파일</Filter>
    </ClInclude>
    <ClInclude Include="System\ColliderBox.h">
      <Filter>헤더 파일</Filter>
    </ClInclude>
    <ClInclude Include="System\ColliderCircle.h">
      <Filter>헤더 파일</Filter>
    </ClInclude>
    <ClInclude Include="System\Camera.h">
      <Filter>헤더 파일</Filter>
    </ClInclude>
    <ClInclude Include="System\Object.h">
      <Filter>헤더 파일</Filter>
    </ClInclude>
    <ClInclude Include="Scene\VertexShaderScene.h">
      <Filter>헤더 파일</Filter>
    </ClInclude>
  </ItemGroup>
  <ItemGroup>
    <ClCompile Include="Main.cpp">
      <Filter>소스 파일</Filter>
    </ClCompile>
    <ClCompile Include="Framework.cpp">
      <Filter>소스 파일</Filter>
    </ClCompile>
    <ClCompile Include="System\Device.cpp">
      <Filter>소스 파일</Filter>
    </ClCompile>
    <ClCompile Include="System\Manager.cpp">
      <Filter>소스 파일</Filter>
    </ClCompile>
    <ClCompile Include="MainGame.cpp">
      <Filter>소스 파일</Filter>
    </ClCompile>
    <ClCompile Include="System\Keyboard.cpp">
      <Filter>소스 파일</Filter>
    </ClCompile>
    <ClCompile Include="System\Transform.cpp">
      <Filter>소스 파일</Filter>
    </ClCompile>
    <ClCompile Include="GameObject\Planet.cpp">
      <Filter>소스 파일</Filter>
    </ClCompile>
    <ClCompile Include="System\Texture.cpp">
      <Filter>소스 파일</Filter>
    </ClCompile>
    <ClCompile Include="System\TextureManager.cpp">
      <Filter>소스 파일</Filter>
    </ClCompile>
    <ClCompile Include="System\Collider.cpp">
      <Filter>소스 파일</Filter>
    </ClCompile>
    <ClCompile Include="System\Math.cpp">
      <Filter>소스 파일</Filter>
    </ClCompile>
    <ClCompile Include="System\Time.cpp">
      <Filter>소스 파일</Filter>
    </ClCompile>
    <ClCompile Include="GameObject\Mario.cpp">
      <Filter>소스 파일</Filter>
    </ClCompile>
    <ClCompile Include="System\XML.cpp">
      <Filter>소스 파일</Filter>
    </ClCompile>
    <ClCompile Include="GameObject\Knight.cpp">
      <Filter>소스 파일</Filter>
    </ClCompile>
    <ClCompile Include="System\TweakBar.cpp">
      <Filter>소스 파일</Filter>
    </ClCompile>
    <ClCompile Include="System\Shader.cpp">
      <Filter>소스 파일</Filter>
    </ClCompile>
    <ClCompile Include="System\Effect.cpp">
      <Filter>소스 파일</Filter>
    </ClCompile>
    <ClCompile Include="System\EffectManager.cpp">
      <Filter>소스 파일</Filter>
    </ClCompile>
    <ClCompile Include="Scene\AnimationScene.cpp">
      <Filter>소스 파일</Filter>
    </ClCompile>
    <ClCompile Include="Scene\CollisionScene.cpp">
      <Filter>소스 파일</Filter>
    </ClCompile>
    <ClCompile Include="Scene\MultiShaderScene.cpp">
      <Filter>소스 파일</Filter>
    </ClCompile>
    <ClCompile Include="Scene\ShaderScene.cpp">
      <Filter>소스 파일</Filter>
    </ClCompile>
    <ClCompile Include="Scene\SolarSystemScene.cpp">
      <Filter>소스 파일</Filter>
    </ClCompile>
    <ClCompile Include="Scene\TextureScene.cpp">
      <Filter>소스 파일</Filter>
    </ClCompile>
    <ClCompile Include="Scene\VertexScene.cpp">
      <Filter>소스 파일</Filter>
    </ClCompile>
    <ClCompile Include="Scene\WVPScene.cpp">
      <Filter>소스 파일</Filter>
    </ClCompile>
    <ClCompile Include="System\Animation.cpp">
      <Filter>소스 파일</Filter>
    </ClCompile>
    <ClCompile Include="System\ColliderBox.cpp">
      <Filter>소스 파일</Filter>
    </ClCompile>
    <ClCompile Include="System\ColliderCircle.cpp">
      <Filter>소스 파일</Filter>
    </ClCompile>
    <ClCompile Include="System\Camera.cpp">
      <Filter>소스 파일</Filter>
    </ClCompile>
    <ClCompile Include="System\Object.cpp">
      <Filter>소스 파일</Filter>
    </ClCompile>
    <ClCompile Include="Scene\VertexShaderScene.cpp">
      <Filter>소스 파일</Filter>
    </ClCompile>
  </ItemGroup>
  <ItemGroup>
    <ResourceCompile Include="DX9_Framework.rc">
      <Filter>리소스 파일</Filter>
    </ResourceCompile>
  </ItemGroup>
  <ItemGroup>
    <Image Include="small.ico">
      <Filter>리소스 파일</Filter>
    </Image>
    <Image Include="DX9_Framework.ico">
      <Filter>리소스 파일</Filter>
    </Image>
    <Image Include="Textures\airplane.png">
      <Filter>리소스 파일</Filter>
    </Image>
    <Image Include="Textures\background.bmp">
      <Filter>리소스 파일</Filter>
    </Image>
    <Image Include="Textures\ball.png">
      <Filter>리소스 파일</Filter>
    </Image>
    <Image Include="Textures\bigbang.jpg">
      <Filter>리소스 파일</Filter>
    </Image>
    <Image Include="Textures\BrickBlock.png">
      <Filter>리소스 파일</Filter>
    </Image>
    <Image Include="Textures\BrickBlocks.png">
      <Filter>리소스 파일</Filter>
    </Image>
    <Image Include="Textures\btn-med-down.png">
      <Filter>리소스 파일</Filter>
    </Image>
    <Image Include="Textures\btn-med-over.png">
      <Filter>리소스 파일</Filter>
    </Image>
    <Image Include="Textures\btn-med-up.png">
      <Filter>리소스 파일</Filter>
    </Image>
    <Image Include="Textures\BTS.bmp">
      <Filter>리소스 파일</Filter>
    </Image>
    <Image Include="Textures\IDLE.jpg">
      <Filter>리소스 파일</Filter>
    </Image>
    <Image Include="Textures\Items.png">
      <Filter>리소스 파일</Filter>
    </Image>
    <Image Include="Textures\Knight_All.png">
      <Filter>리소스 파일</Filter>
    </Image>
    <Image Include="Textures\Knight_Attack.png">
      <Filter>리소스 파일</Filter>
    </Image>
    <Image Include="Textures\mario_all.png">
      <Filter>리소스 파일</Filter>
    </Image>
    <Image Include="Textures\mario_cloud.png">
      <Filter>리소스 파일</Filter>
    </Image>
    <Image Include="Textures\mario_tile1.png">
      <Filter>리소스 파일</Filter>
    </Image>
    <Image Include="Textures\missilePF.png">
      <Filter>리소스 파일</Filter>
    </Image>
    <Image Include="Textures\mountain_large.bmp">
      <Filter>리소스 파일</Filter>
    </Image>
    <Image Include="Textures\output-onlinepngtools.png">
      <Filter>리소스 파일</Filter>
    </Image>
    <Image Include="Textures\rainbow.png">
      <Filter>리소스 파일</Filter>
    </Image>
    <Image Include="Textures\siva_run.bmp">
      <Filter>리소스 파일</Filter>
    </Image>
    <Image Include="Textures\space.jpg">
      <Filter>리소스 파일</Filter>
    </Image>
    <Image Include="Textures\ufo.png">
      <Filter>리소스 파일</Filter>
    </Image>
    <Image Include="Textures\록맨.bmp">
      <Filter>리소스 파일</Filter>
    </Image>
    <Image Include="Textures\Knight\Knight_Attack.png">
      <Filter>리소스 파일</Filter>
    </Image>
    <Image Include="Textures\Knight\Knight_IDLE.png">
      <Filter>리소스 파일</Filter>
    </Image>
    <Image Include="Textures\Knight\Knight_Walk.png">
      <Filter>리소스 파일</Filter>
    </Image>
    <Image Include="Textures\Effects\effect2.jpg">
      <Filter>리소스 파일</Filter>
    </Image>
    <Image Include="Textures\Effects\effect3.png">
      <Filter>리소스 파일</Filter>
    </Image>
    <Image Include="Textures\Effects\effect4.png">
      <Filter>리소스 파일</Filter>
    </Image>
    <Image Include="Textures\Effects\effect5.png">
      <Filter>리소스 파일</Filter>
    </Image>
  </ItemGroup>
  <ItemGroup>
    <FxCompile Include="Shaders\Test.hlsl" />
    <FxCompile Include="Shaders\AlphaShader.hlsl" />
    <FxCompile Include="Shaders\GrayScaleShader.hlsl" />
    <FxCompile Include="Shaders\MultiShader.hlsl" />
    <FxCompile Include="Shaders\OutlineShader.hlsl" />
    <FxCompile Include="Shaders\ObjectShader.hlsl" />
    <FxCompile Include="Shaders\VertexShader.hlsl" />
  </ItemGroup>
  <ItemGroup>
    <None Include="Lib\AntTweakBar.dll" />
  </ItemGroup>
  <ItemGroup>
    <Library Include="Lib\AntTweakBar.lib" />
  </ItemGroup>
  <ItemGroup>
    <Xml Include="Textures\Knight_All.xml" />
    <Xml Include="Textures\Knight_Attack.xml" />
    <Xml Include="Textures\Knight\Knight_Attack.xml" />
    <Xml Include="Textures\Knight\Knight_IDLE.xml" />
    <Xml Include="Textures\Knight\Knight_Walk.xml" />
  </ItemGroup>
</Project>