<?xml version="1.0" encoding="utf-8"?>
<Project ToolsVersion="4.0" xmlns="http://schemas.microsoft.com/developer/msbuild/2003">
  <ItemGroup>
    <Filter Include="소스 파일">
      <UniqueIdentifier>{4FC737F1-C7A5-4376-A066-2A32D752A2FF}</UniqueIdentifier>
      <Extensions>cpp;c;cc;cxx;c++;cppm;ixx;def;odl;idl;hpj;bat;asm;asmx</Extensions>
    </Filter>
    <Filter Include="헤더 파일">
      <UniqueIdentifier>{93995380-89BD-4b04-88EB-625FBE52EBFB}</UniqueIdentifier>
      <Extensions>h;hh;hpp;hxx;h++;hm;inl;inc;ipp;xsd</Extensions>
    </Filter>
    <Filter Include="리소스 파일">
      <UniqueIdentifier>{67DA6AB6-F800-4c08-8B7A-83BB121AAD01}</UniqueIdentifier>
      <Extensions>rc;ico;cur;bmp;dlg;rc2;rct;bin;rgs;gif;jpg;jpeg;jpe;resx;tiff;tif;png;wav;mfcribbon-ms</Extensions>
    </Filter>
    <Filter Include="Scene">
      <UniqueIdentifier>{44b580ba-c742-4bb6-914c-6b052ae687f4}</UniqueIdentifier>
    </Filter>
    <Filter Include="MainGame">
      <UniqueIdentifier>{1f3570d1-cff5-43f7-a268-7dfc32f855f6}</UniqueIdentifier>
    </Filter>
    <Filter Include="Utility">
      <UniqueIdentifier>{25c0fb29-eebd-45b4-a6bd-9ae4442b9111}</UniqueIdentifier>
    </Filter>
    <Filter Include="Object">
      <UniqueIdentifier>{f447ce82-7c4e-4d1f-9bc0-77f925ff8fc0}</UniqueIdentifier>
    </Filter>
    <Filter Include="GameObject">
      <UniqueIdentifier>{1aae0961-71b3-42d3-b496-8684efb19430}</UniqueIdentifier>
    </Filter>
    <Filter Include="GameObject\Fortress">
      <UniqueIdentifier>{e151bd08-4c86-447b-af97-bc1c107a465d}</UniqueIdentifier>
    </Filter>
    <Filter Include="GameObject\SGAArkanoid">
      <UniqueIdentifier>{c2bc4cbf-0fc8-4f7c-8c47-c61e939b55e2}</UniqueIdentifier>
    </Filter>
    <Filter Include="GameObject\ArkanoidObject">
      <UniqueIdentifier>{78a862d9-bf2c-4c3c-9f92-6b1fa6c65d9c}</UniqueIdentifier>
    </Filter>
  </ItemGroup>
  <ItemGroup>
    <ClInclude Include="targetver.h">
      <Filter>헤더 파일</Filter>
    </ClInclude>
    <ClInclude Include="Resource.h">
      <Filter>헤더 파일</Filter>
    </ClInclude>
    <ClInclude Include="Scene.h">
      <Filter>Scene</Filter>
    </ClInclude>
    <ClInclude Include="PaintScene.h">
      <Filter>Scene</Filter>
    </ClInclude>
    <ClInclude Include="MainGame.h">
      <Filter>MainGame</Filter>
    </ClInclude>
    <ClInclude Include="Main.h">
      <Filter>MainGame</Filter>
    </ClInclude>
    <ClInclude Include="Framework.h">
      <Filter>Utility</Filter>
    </ClInclude>
    <ClInclude Include="CollisionScene.h">
      <Filter>Scene</Filter>
    </ClInclude>
    <ClInclude Include="Point.h">
      <Filter>Object</Filter>
    </ClInclude>
    <ClInclude Include="Rect.h">
      <Filter>Object</Filter>
    </ClInclude>
    <ClInclude Include="Circle.h">
      <Filter>Object</Filter>
    </ClInclude>
    <ClInclude Include="Math.h">
      <Filter>Utility</Filter>
    </ClInclude>
    <ClInclude Include="Line.h">
      <Filter>Object</Filter>
    </ClInclude>
    <ClInclude Include="Vector2.h">
      <Filter>Utility</Filter>
    </ClInclude>
    <ClInclude Include="FortressScene.h">
      <Filter>Scene</Filter>
    </ClInclude>
    <ClInclude Include="ArkanoidScene.h">
      <Filter>Scene</Filter>
    </ClInclude>
    <ClInclude Include="AKPlayer.h">
      <Filter>GameObject\ArkanoidObject</Filter>
    </ClInclude>
    <ClInclude Include="AKUI.h">
      <Filter>GameObject\ArkanoidObject</Filter>
    </ClInclude>
    <ClInclude Include="AKBall.h">
      <Filter>GameObject\ArkanoidObject</Filter>
    </ClInclude>
    <ClInclude Include="AKBallManager.h">
      <Filter>GameObject\ArkanoidObject</Filter>
    </ClInclude>
    <ClInclude Include="AKCollisionManager.h">
      <Filter>GameObject\ArkanoidObject</Filter>
    </ClInclude>
    <ClInclude Include="AKBrick.h">
      <Filter>GameObject\ArkanoidObject</Filter>
    </ClInclude>
    <ClInclude Include="AKStageManager.h">
      <Filter>GameObject\ArkanoidObject</Filter>
    </ClInclude>
    <ClInclude Include="Collision.h">
      <Filter>Utility</Filter>
    </ClInclude>
    <ClInclude Include="SGAArkanoidScene.h">
      <Filter>Scene</Filter>
    </ClInclude>
    <ClInclude Include="CannonBall.h">
      <Filter>GameObject\Fortress</Filter>
    </ClInclude>
    <ClInclude Include="CannonBallManager.h">
      <Filter>GameObject\Fortress</Filter>
    </ClInclude>
    <ClInclude Include="Tank.h">
      <Filter>GameObject\Fortress</Filter>
    </ClInclude>
    <ClInclude Include="SGABar.h">
      <Filter>GameObject\SGAArkanoid</Filter>
    </ClInclude>
    <ClInclude Include="SGABall.h">
      <Filter>GameObject\SGAArkanoid</Filter>
    </ClInclude>
    <ClInclude Include="SGABrick.h">
      <Filter>GameObject\SGAArkanoid</Filter>
    </ClInclude>
    <ClInclude Include="SGABrickManager.h">
      <Filter>GameObject\SGAArkanoid</Filter>
    </ClInclude>
    <ClInclude Include="ImageScene.h">
      <Filter>Scene</Filter>
    </ClInclude>
  </ItemGroup>
  <ItemGroup>
    <ClCompile Include="PaintScene.cpp">
      <Filter>Scene</Filter>
    </ClCompile>
    <ClCompile Include="MainGame.cpp">
      <Filter>MainGame</Filter>
    </ClCompile>
    <ClCompile Include="Main.cpp">
      <Filter>MainGame</Filter>
    </ClCompile>
    <ClCompile Include="Framework.cpp">
      <Filter>Utility</Filter>
    </ClCompile>
    <ClCompile Include="CollisionScene.cpp">
      <Filter>Scene</Filter>
    </ClCompile>
    <ClCompile Include="Point.cpp">
      <Filter>Object</Filter>
    </ClCompile>
    <ClCompile Include="Rect.cpp">
      <Filter>Object</Filter>
    </ClCompile>
    <ClCompile Include="Circle.cpp">
      <Filter>Object</Filter>
    </ClCompile>
    <ClCompile Include="Math.cpp">
      <Filter>Utility</Filter>
    </ClCompile>
    <ClCompile Include="Line.cpp">
      <Filter>Object</Filter>
    </ClCompile>
    <ClCompile Include="Vector2.cpp">
      <Filter>Utility</Filter>
    </ClCompile>
    <ClCompile Include="FortressScene.cpp">
      <Filter>Scene</Filter>
    </ClCompile>
    <ClCompile Include="ArkanoidScene.cpp">
      <Filter>Scene</Filter>
    </ClCompile>
    <ClCompile Include="AKPlayer.cpp">
      <Filter>GameObject\ArkanoidObject</Filter>
    </ClCompile>
    <ClCompile Include="AKUI.cpp">
      <Filter>GameObject\ArkanoidObject</Filter>
    </ClCompile>
    <ClCompile Include="AKBall.cpp">
      <Filter>GameObject\ArkanoidObject</Filter>
    </ClCompile>
    <ClCompile Include="AKBallManager.cpp">
      <Filter>GameObject\ArkanoidObject</Filter>
    </ClCompile>
    <ClCompile Include="AKCollisionManager.cpp">
      <Filter>GameObject\ArkanoidObject</Filter>
    </ClCompile>
    <ClCompile Include="AKBrick.cpp">
      <Filter>GameObject\ArkanoidObject</Filter>
    </ClCompile>
    <ClCompile Include="AKStageManager.cpp">
      <Filter>GameObject\ArkanoidObject</Filter>
    </ClCompile>
    <ClCompile Include="Collision.cpp">
      <Filter>Utility</Filter>
    </ClCompile>
    <ClCompile Include="SGAArkanoidScene.cpp">
      <Filter>Scene</Filter>
    </ClCompile>
    <ClCompile Include="CannonBall.cpp">
      <Filter>GameObject\Fortress</Filter>
    </ClCompile>
    <ClCompile Include="CannonBallManager.cpp">
      <Filter>GameObject\Fortress</Filter>
    </ClCompile>
    <ClCompile Include="Tank.cpp">
      <Filter>GameObject\Fortress</Filter>
    </ClCompile>
    <ClCompile Include="SGABar.cpp">
      <Filter>GameObject\SGAArkanoid</Filter>
    </ClCompile>
    <ClCompile Include="SGABall.cpp">
      <Filter>GameObject\SGAArkanoid</Filter>
    </ClCompile>
    <ClCompile Include="SGABrick.cpp">
      <Filter>GameObject\SGAArkanoid</Filter>
    </ClCompile>
    <ClCompile Include="SGABrickManager.cpp">
      <Filter>GameObject\SGAArkanoid</Filter>
    </ClCompile>
    <ClCompile Include="ImageScene.cpp">
      <Filter>Scene</Filter>
    </ClCompile>
  </ItemGroup>
  <ItemGroup>
    <ResourceCompile Include="29_WindowAPI.rc">
      <Filter>리소스 파일</Filter>
    </ResourceCompile>
  </ItemGroup>
  <ItemGroup>
    <Image Include="small.ico">
      <Filter>리소스 파일</Filter>
    </Image>
    <Image Include="29_WindowAPI.ico">
      <Filter>리소스 파일</Filter>
    </Image>
  </ItemGroup>
</Project>